{
  "name": "login-meta-jatis",
  "lockfileVersion": 3,
  "requires": true,
  "packages": {
    "": {
      "dependencies": {
        "login-button-jatis": "^1.0.8"
      }
    },
    "node_modules/login-button-jatis": {
      "version": "1.0.8",
      "resolved": "https://registry.npmjs.org/login-button-jatis/-/login-button-jatis-1.0.8.tgz",
      "integrity": "sha512-CQzWg2WdNl+zpEIpxDULA7BYWy+aJssfSsyl9McIF4fY4Wo5re20A5HJwSVdHnit5frffymVOjOkjMx/UiwPoA=="
    }
  }
}
