{
  "name": "login-facebook-go",
  "lockfileVersion": 3,
  "requires": true,
  "packages": {
    "": {
      "dependencies": {
        "login-button-jatis": "^1.0.7"
      }
    },
    "node_modules/login-button-jatis": {
      "version": "1.0.7",
      "resolved": "https://registry.npmjs.org/login-button-jatis/-/login-button-jatis-1.0.7.tgz",
      "integrity": "sha512-hMfGbdYYKPQFyxgdVCig/1b/JQWGn+qJolitGxunaXASMuy3ipsjyo6CZflmmPGmXmr0Q0y8ILQebmG96im4fg=="
    }
  }
}
